{
  "name": "binary_to_decimal",
  "lockfileVersion": 2,
  "requires": true,
  "packages": {
    "": {
      "dependencies": {
        "number-converter": "^1.2.1"
      }
    },
    "node_modules/commander": {
      "version": "2.20.3",
      "resolved": "https://registry.npmjs.org/commander/-/commander-2.20.3.tgz",
      "integrity": "sha512-GpVkmM8vF2vQUkj2LvZmD35JxeJOLCwJ9cUkugyk2nuhbv3+mJvpLYYt+0+USMxE+oj+ey/lJEnhZw75x/OMcQ=="
    },
    "node_modules/number-converter": {
      "version": "1.2.1",
      "resolved": "https://registry.npmjs.org/number-converter/-/number-converter-1.2.1.tgz",
      "integrity": "sha512-ZAs+Q2iyHrm2A0SEPPVWWppLQ5NsypPkQrPyMCAoHXwA8N1GhNxm2oPr13OK61BZuOKbhUWuLf6VRXRCogcyLg==",
      "dependencies": {
        "commander": "^2.8.1"
      },
      "bin": {
        "number-converter": "bin/cli.js"
      }
    }
  },
  "dependencies": {
    "commander": {
      "version": "2.20.3",
      "resolved": "https://registry.npmjs.org/commander/-/commander-2.20.3.tgz",
      "integrity": "sha512-GpVkmM8vF2vQUkj2LvZmD35JxeJOLCwJ9cUkugyk2nuhbv3+mJvpLYYt+0+USMxE+oj+ey/lJEnhZw75x/OMcQ=="
    },
    "number-converter": {
      "version": "1.2.1",
      "resolved": "https://registry.npmjs.org/number-converter/-/number-converter-1.2.1.tgz",
      "integrity": "sha512-ZAs+Q2iyHrm2A0SEPPVWWppLQ5NsypPkQrPyMCAoHXwA8N1GhNxm2oPr13OK61BZuOKbhUWuLf6VRXRCogcyLg==",
      "requires": {
        "commander": "^2.8.1"
      }
    }
  }
}
